
Microsoft Visual Studio Solution File, Format Version 12.00
# Visual Studio Version 16
VisualStudioVersion = 16.0.30011.22
MinimumVisualStudioVersion = 10.0.40219.1
Project("{2150E333-8FDC-42A3-9474-1A3956D46DE8}") = "StorageLib", "StorageLib", "{71A6F07B-7672-4109-82A4-D31B9409735A}"
EndProject
Project("{2150E333-8FDC-42A3-9474-1A3956D46DE8}") = "log4netLib", "log4netLib", "{8D8A50E0-297D-4DC6-915F-AAE523993B45}"
	ProjectSection(SolutionItems) = preProject
		log4netLib\log4net.dll = log4netLib\log4net.dll
	EndProjectSection
EndProject
Project("{2150E333-8FDC-42A3-9474-1A3956D46DE8}") = "autenticathion", "autenticathion", "{A00B9285-1077-4CD3-A953-2A7BAD34D96A}"
EndProject
Project("{2150E333-8FDC-42A3-9474-1A3956D46DE8}") = "UnisysLibrary", "UnisysLibrary", "{EA64F289-988B-49A6-A59B-82C4C157D1B9}"
EndProject
Project("{2150E333-8FDC-42A3-9474-1A3956D46DE8}") = "BatchUpdateStatus", "BatchUpdateStatus", "{B2135C3A-D456-4077-B19D-F8F569D00738}"
EndProject
Project("{2150E333-8FDC-42A3-9474-1A3956D46DE8}") = "RTI", "RTI", "{6F3F9D2B-353D-43D9-88FB-3C401C548F69}"
EndProject
Project("{FAE04EC0-301F-11D3-BF4B-00C04F79EFBC}") = "CdRDataObjects", "DataObjects\CdRDataObjects.csproj", "{EFC86D29-B462-4207-85C7-21E216392D28}"
EndProject
Project("{FAE04EC0-301F-11D3-BF4B-00C04F79EFBC}") = "CertiData", "CertiData\CertiData.csproj", "{61170123-A8BD-4DC8-AE9F-C12A9E260925}"
EndProject
Project("{FAE04EC0-301F-11D3-BF4B-00C04F79EFBC}") = "CertiWebApp", "CertiWebApp\CertiWebApp.csproj", "{D5F64B5B-4615-457A-8BE8-B466A9ADF488}"
EndProject
Project("{FAE04EC0-301F-11D3-BF4B-00C04F79EFBC}") = "CertiWebAppBusiness", "CertiWebAppBusiness\CertiWebAppBusiness.csproj", "{B14FC308-09FE-48BE-A2E6-29604D6749D9}"
EndProject
Project("{FAE04EC0-301F-11D3-BF4B-00C04F79EFBC}") = "CertiWS", "CertiWS\CertiWS.csproj", "{A4B2ABD2-80C9-4640-B562-1E6E17922DD5}"
EndProject
Project("{FAE04EC0-301F-11D3-BF4B-00C04F79EFBC}") = "CertiWSBusiness", "CertiWSBusiness\CertiWSBusiness.csproj", "{B379C1AC-29EE-499B-A6ED-C1980B552E51}"
EndProject
Project("{FAE04EC0-301F-11D3-BF4B-00C04F79EFBC}") = "CertiWebTest", "CertiWebTest\CertiWebTest.csproj", "{C4AF4536-6C8B-4102-8A6A-A4853AA4C985}"
EndProject
Project("{FAE04EC0-301F-11D3-BF4B-00C04F79EFBC}") = "CertiWSDati", "CertiWSDati\CertiWSDati.csproj", "{BB5B2B74-CDF2-42D5-90C5-871971376751}"
EndProject
Project("{FAE04EC0-301F-11D3-BF4B-00C04F79EFBC}") = "CertiCaching", "CertiCaching\CertiCaching.csproj", "{87449ABB-523D-4F7A-BE1D-4C1135C278C2}"
EndProject
Project("{FAE04EC0-301F-11D3-BF4B-00C04F79EFBC}") = "CertiUtils", "CertiUtils\CertiUtils.csproj", "{00D09C00-D196-427D-8D7D-4BE87288CDC6}"
EndProject
Project("{FAE04EC0-301F-11D3-BF4B-00C04F79EFBC}") = "CertiObjects", "CertiObjects\CertiObjects.csproj", "{0925BB05-B48D-4FEC-A907-AE21E8BCAF24}"
EndProject
Project("{FAE04EC0-301F-11D3-BF4B-00C04F79EFBC}") = "CertiComponent", "CertiComponent\CertiComponent.csproj", "{85C8BC56-3298-4569-B4FC-5EAA4C202794}"
EndProject
Project("{FAE04EC0-301F-11D3-BF4B-00C04F79EFBC}") = "CertiLoggingDelegate", "CertiLoggingDelegate\CertiLoggingDelegate.csproj", "{7CAE2DDB-AC0B-4997-BB74-68095056C429}"
EndProject
Project("{FAE04EC0-301F-11D3-BF4B-00C04F79EFBC}") = "Com.Unisys.Logging", "..\UnisysLibrary\Com.Unisys.Logging\Com.Unisys.Logging.csproj", "{F35A26AE-E79F-4FC2-832A-01F6F4550128}"
EndProject
Project("{FAE04EC0-301F-11D3-BF4B-00C04F79EFBC}") = "CertiBatch", "CertiBatch\CertiBatch.csproj", "{E3C5E285-CB85-440D-ADE5-A49B857C5D48}"
EndProject
Project("{FAE04EC0-301F-11D3-BF4B-00C04F79EFBC}") = "DistributedTransaction", "..\SecureStorage\DistributedTransaction\DistributedTransaction.csproj", "{C0011956-489F-4499-B543-6EAB2A287CEC}"
EndProject
Project("{FAE04EC0-301F-11D3-BF4B-00C04F79EFBC}") = "Crypto", "..\SecureStorage\Crypto\Crypto.csproj", "{9CF28B97-EB38-45E1-8F7D-17409B5630B8}"
EndProject
Project("{FAE04EC0-301F-11D3-BF4B-00C04F79EFBC}") = "StorageComponent", "..\SecureStorage\StorageComponent\StorageComponent.csproj", "{0123C3B6-91E1-403A-9F85-39682649677B}"
EndProject
Project("{FAE04EC0-301F-11D3-BF4B-00C04F79EFBC}") = "OracleProvider", "..\SecureStorage\OracleProvider\OracleProvider.csproj", "{1D72A4B4-0854-41CF-9B35-FF7DAE87FBBA}"
EndProject
Project("{FAE04EC0-301F-11D3-BF4B-00C04F79EFBC}") = "Com.Unisys.Security", "..\UserManager\Com.Unisys.Security\Com.Unisys.Security.csproj", "{7E4E512A-B54B-4DFF-9E86-24DB492884CD}"
EndProject
Global
	GlobalSection(SolutionConfigurationPlatforms) = preSolution
		Debug|Any CPU = Debug|Any CPU
		Debug|x64 = Debug|x64
		Debug|x86 = Debug|x86
		Release|Any CPU = Release|Any CPU
		Release|x64 = Release|x64
		Release|x86 = Release|x86
		x|Any CPU = x|Any CPU
		x|x64 = x|x64
		x|x86 = x|x86
	EndGlobalSection
	GlobalSection(ProjectConfigurationPlatforms) = postSolution
		{EFC86D29-B462-4207-85C7-21E216392D28}.Debug|Any CPU.ActiveCfg = Debug|x64
		{EFC86D29-B462-4207-85C7-21E216392D28}.Debug|Any CPU.Build.0 = Debug|x64
		{EFC86D29-B462-4207-85C7-21E216392D28}.Debug|x64.ActiveCfg = Debug|x64
		{EFC86D29-B462-4207-85C7-21E216392D28}.Debug|x64.Build.0 = Debug|x64
		{EFC86D29-B462-4207-85C7-21E216392D28}.Debug|x86.ActiveCfg = Debug|Any CPU
		{EFC86D29-B462-4207-85C7-21E216392D28}.Release|Any CPU.ActiveCfg = Release|Any CPU
		{EFC86D29-B462-4207-85C7-21E216392D28}.Release|Any CPU.Build.0 = Release|Any CPU
		{EFC86D29-B462-4207-85C7-21E216392D28}.Release|x64.ActiveCfg = Release|Any CPU
		{EFC86D29-B462-4207-85C7-21E216392D28}.Release|x86.ActiveCfg = Release|Any CPU
		{EFC86D29-B462-4207-85C7-21E216392D28}.x|Any CPU.ActiveCfg = Release|Any CPU
		{EFC86D29-B462-4207-85C7-21E216392D28}.x|Any CPU.Build.0 = Release|Any CPU
		{EFC86D29-B462-4207-85C7-21E216392D28}.x|x64.ActiveCfg = Release|x64
		{EFC86D29-B462-4207-85C7-21E216392D28}.x|x64.Build.0 = Release|x64
		{EFC86D29-B462-4207-85C7-21E216392D28}.x|x86.ActiveCfg = Release|Any CPU
		{EFC86D29-B462-4207-85C7-21E216392D28}.x|x86.Build.0 = Release|Any CPU
		{61170123-A8BD-4DC8-AE9F-C12A9E260925}.Debug|Any CPU.ActiveCfg = Debug|x64
		{61170123-A8BD-4DC8-AE9F-C12A9E260925}.Debug|Any CPU.Build.0 = Debug|x64
		{61170123-A8BD-4DC8-AE9F-C12A9E260925}.Debug|x64.ActiveCfg = Debug|x64
		{61170123-A8BD-4DC8-AE9F-C12A9E260925}.Debug|x64.Build.0 = Debug|x64
		{61170123-A8BD-4DC8-AE9F-C12A9E260925}.Debug|x86.ActiveCfg = Debug|Any CPU
		{61170123-A8BD-4DC8-AE9F-C12A9E260925}.Release|Any CPU.ActiveCfg = Release|Any CPU
		{61170123-A8BD-4DC8-AE9F-C12A9E260925}.Release|Any CPU.Build.0 = Release|Any CPU
		{61170123-A8BD-4DC8-AE9F-C12A9E260925}.Release|x64.ActiveCfg = Release|Any CPU
		{61170123-A8BD-4DC8-AE9F-C12A9E260925}.Release|x86.ActiveCfg = Release|Any CPU
		{61170123-A8BD-4DC8-AE9F-C12A9E260925}.x|Any CPU.ActiveCfg = Release|Any CPU
		{61170123-A8BD-4DC8-AE9F-C12A9E260925}.x|Any CPU.Build.0 = Release|Any CPU
		{61170123-A8BD-4DC8-AE9F-C12A9E260925}.x|x64.ActiveCfg = Release|x64
		{61170123-A8BD-4DC8-AE9F-C12A9E260925}.x|x64.Build.0 = Release|x64
		{61170123-A8BD-4DC8-AE9F-C12A9E260925}.x|x86.ActiveCfg = Release|Any CPU
		{61170123-A8BD-4DC8-AE9F-C12A9E260925}.x|x86.Build.0 = Release|Any CPU
		{D5F64B5B-4615-457A-8BE8-B466A9ADF488}.Debug|Any CPU.ActiveCfg = Debug|Any CPU
		{D5F64B5B-4615-457A-8BE8-B466A9ADF488}.Debug|Any CPU.Build.0 = Debug|Any CPU
		{D5F64B5B-4615-457A-8BE8-B466A9ADF488}.Debug|x64.ActiveCfg = Debug|x64
		{D5F64B5B-4615-457A-8BE8-B466A9ADF488}.Debug|x64.Build.0 = Debug|x64
		{D5F64B5B-4615-457A-8BE8-B466A9ADF488}.Debug|x86.ActiveCfg = Debug|Any CPU
		{D5F64B5B-4615-457A-8BE8-B466A9ADF488}.Release|Any CPU.ActiveCfg = Release|Any CPU
		{D5F64B5B-4615-457A-8BE8-B466A9ADF488}.Release|Any CPU.Build.0 = Release|Any CPU
		{D5F64B5B-4615-457A-8BE8-B466A9ADF488}.Release|x64.ActiveCfg = Release|Any CPU
		{D5F64B5B-4615-457A-8BE8-B466A9ADF488}.Release|x86.ActiveCfg = Release|Any CPU
		{D5F64B5B-4615-457A-8BE8-B466A9ADF488}.x|Any CPU.ActiveCfg = Release|Any CPU
		{D5F64B5B-4615-457A-8BE8-B466A9ADF488}.x|Any CPU.Build.0 = Release|Any CPU
		{D5F64B5B-4615-457A-8BE8-B466A9ADF488}.x|x64.ActiveCfg = Release|x64
		{D5F64B5B-4615-457A-8BE8-B466A9ADF488}.x|x64.Build.0 = Release|x64
		{D5F64B5B-4615-457A-8BE8-B466A9ADF488}.x|x86.ActiveCfg = Release|Any CPU
		{D5F64B5B-4615-457A-8BE8-B466A9ADF488}.x|x86.Build.0 = Release|Any CPU
		{B14FC308-09FE-48BE-A2E6-29604D6749D9}.Debug|Any CPU.ActiveCfg = Debug|Any CPU
		{B14FC308-09FE-48BE-A2E6-29604D6749D9}.Debug|Any CPU.Build.0 = Debug|Any CPU
		{B14FC308-09FE-48BE-A2E6-29604D6749D9}.Debug|x64.ActiveCfg = Debug|x64
		{B14FC308-09FE-48BE-A2E6-29604D6749D9}.Debug|x64.Build.0 = Debug|x64
		{B14FC308-09FE-48BE-A2E6-29604D6749D9}.Debug|x86.ActiveCfg = Debug|Any CPU
		{B14FC308-09FE-48BE-A2E6-29604D6749D9}.Release|Any CPU.ActiveCfg = Release|Any CPU
		{B14FC308-09FE-48BE-A2E6-29604D6749D9}.Release|Any CPU.Build.0 = Release|Any CPU
		{B14FC308-09FE-48BE-A2E6-29604D6749D9}.Release|x64.ActiveCfg = Release|Any CPU
		{B14FC308-09FE-48BE-A2E6-29604D6749D9}.Release|x86.ActiveCfg = Release|Any CPU
		{B14FC308-09FE-48BE-A2E6-29604D6749D9}.x|Any CPU.ActiveCfg = Release|Any CPU
		{B14FC308-09FE-48BE-A2E6-29604D6749D9}.x|Any CPU.Build.0 = Release|Any CPU
		{B14FC308-09FE-48BE-A2E6-29604D6749D9}.x|x64.ActiveCfg = Release|x64
		{B14FC308-09FE-48BE-A2E6-29604D6749D9}.x|x64.Build.0 = Release|x64
		{B14FC308-09FE-48BE-A2E6-29604D6749D9}.x|x86.ActiveCfg = Release|Any CPU
		{B14FC308-09FE-48BE-A2E6-29604D6749D9}.x|x86.Build.0 = Release|Any CPU
		{A4B2ABD2-80C9-4640-B562-1E6E17922DD5}.Debug|Any CPU.ActiveCfg = Debug|Any CPU
		{A4B2ABD2-80C9-4640-B562-1E6E17922DD5}.Debug|Any CPU.Build.0 = Debug|Any CPU
		{A4B2ABD2-80C9-4640-B562-1E6E17922DD5}.Debug|x64.ActiveCfg = Debug|x64
		{A4B2ABD2-80C9-4640-B562-1E6E17922DD5}.Debug|x64.Build.0 = Debug|x64
		{A4B2ABD2-80C9-4640-B562-1E6E17922DD5}.Debug|x86.ActiveCfg = Debug|Any CPU
		{A4B2ABD2-80C9-4640-B562-1E6E17922DD5}.Release|Any CPU.ActiveCfg = Release|Any CPU
		{A4B2ABD2-80C9-4640-B562-1E6E17922DD5}.Release|Any CPU.Build.0 = Release|Any CPU
		{A4B2ABD2-80C9-4640-B562-1E6E17922DD5}.Release|x64.ActiveCfg = Release|Any CPU
		{A4B2ABD2-80C9-4640-B562-1E6E17922DD5}.Release|x86.ActiveCfg = Release|Any CPU
		{A4B2ABD2-80C9-4640-B562-1E6E17922DD5}.x|Any CPU.ActiveCfg = Release|Any CPU
		{A4B2ABD2-80C9-4640-B562-1E6E17922DD5}.x|Any CPU.Build.0 = Release|Any CPU
		{A4B2ABD2-80C9-4640-B562-1E6E17922DD5}.x|x64.ActiveCfg = Release|x64
		{A4B2ABD2-80C9-4640-B562-1E6E17922DD5}.x|x64.Build.0 = Release|x64
		{A4B2ABD2-80C9-4640-B562-1E6E17922DD5}.x|x86.ActiveCfg = Release|Any CPU
		{A4B2ABD2-80C9-4640-B562-1E6E17922DD5}.x|x86.Build.0 = Release|Any CPU
		{B379C1AC-29EE-499B-A6ED-C1980B552E51}.Debug|Any CPU.ActiveCfg = Debug|Any CPU
		{B379C1AC-29EE-499B-A6ED-C1980B552E51}.Debug|Any CPU.Build.0 = Debug|Any CPU
		{B379C1AC-29EE-499B-A6ED-C1980B552E51}.Debug|x64.ActiveCfg = Debug|x64
		{B379C1AC-29EE-499B-A6ED-C1980B552E51}.Debug|x64.Build.0 = Debug|x64
		{B379C1AC-29EE-499B-A6ED-C1980B552E51}.Debug|x86.ActiveCfg = Debug|Any CPU
		{B379C1AC-29EE-499B-A6ED-C1980B552E51}.Release|Any CPU.ActiveCfg = Release|Any CPU
		{B379C1AC-29EE-499B-A6ED-C1980B552E51}.Release|Any CPU.Build.0 = Release|Any CPU
		{B379C1AC-29EE-499B-A6ED-C1980B552E51}.Release|x64.ActiveCfg = Release|Any CPU
		{B379C1AC-29EE-499B-A6ED-C1980B552E51}.Release|x86.ActiveCfg = Release|Any CPU
		{B379C1AC-29EE-499B-A6ED-C1980B552E51}.x|Any CPU.ActiveCfg = Release|Any CPU
		{B379C1AC-29EE-499B-A6ED-C1980B552E51}.x|Any CPU.Build.0 = Release|Any CPU
		{B379C1AC-29EE-499B-A6ED-C1980B552E51}.x|x64.ActiveCfg = Release|x64
		{B379C1AC-29EE-499B-A6ED-C1980B552E51}.x|x64.Build.0 = Release|x64
		{B379C1AC-29EE-499B-A6ED-C1980B552E51}.x|x86.ActiveCfg = Release|Any CPU
		{B379C1AC-29EE-499B-A6ED-C1980B552E51}.x|x86.Build.0 = Release|Any CPU
		{C4AF4536-6C8B-4102-8A6A-A4853AA4C985}.Debug|Any CPU.ActiveCfg = Debug|Any CPU
		{C4AF4536-6C8B-4102-8A6A-A4853AA4C985}.Debug|Any CPU.Build.0 = Debug|Any CPU
		{C4AF4536-6C8B-4102-8A6A-A4853AA4C985}.Debug|x64.ActiveCfg = Debug|x64
		{C4AF4536-6C8B-4102-8A6A-A4853AA4C985}.Debug|x64.Build.0 = Debug|x64
		{C4AF4536-6C8B-4102-8A6A-A4853AA4C985}.Debug|x86.ActiveCfg = Debug|Any CPU
		{C4AF4536-6C8B-4102-8A6A-A4853AA4C985}.Release|Any CPU.ActiveCfg = Release|Any CPU
		{C4AF4536-6C8B-4102-8A6A-A4853AA4C985}.Release|Any CPU.Build.0 = Release|Any CPU
		{C4AF4536-6C8B-4102-8A6A-A4853AA4C985}.Release|x64.ActiveCfg = Release|Any CPU
		{C4AF4536-6C8B-4102-8A6A-A4853AA4C985}.Release|x86.ActiveCfg = Release|Any CPU
		{C4AF4536-6C8B-4102-8A6A-A4853AA4C985}.x|Any CPU.ActiveCfg = Release|Any CPU
		{C4AF4536-6C8B-4102-8A6A-A4853AA4C985}.x|Any CPU.Build.0 = Release|Any CPU
		{C4AF4536-6C8B-4102-8A6A-A4853AA4C985}.x|x64.ActiveCfg = Release|x64
		{C4AF4536-6C8B-4102-8A6A-A4853AA4C985}.x|x64.Build.0 = Release|x64
		{C4AF4536-6C8B-4102-8A6A-A4853AA4C985}.x|x86.ActiveCfg = Release|Any CPU
		{C4AF4536-6C8B-4102-8A6A-A4853AA4C985}.x|x86.Build.0 = Release|Any CPU
		{BB5B2B74-CDF2-42D5-90C5-871971376751}.Debug|Any CPU.ActiveCfg = Debug|Any CPU
		{BB5B2B74-CDF2-42D5-90C5-871971376751}.Debug|Any CPU.Build.0 = Debug|Any CPU
		{BB5B2B74-CDF2-42D5-90C5-871971376751}.Debug|x64.ActiveCfg = Debug|x64
		{BB5B2B74-CDF2-42D5-90C5-871971376751}.Debug|x64.Build.0 = Debug|x64
		{BB5B2B74-CDF2-42D5-90C5-871971376751}.Debug|x86.ActiveCfg = Debug|Any CPU
		{BB5B2B74-CDF2-42D5-90C5-871971376751}.Release|Any CPU.ActiveCfg = Release|Any CPU
		{BB5B2B74-CDF2-42D5-90C5-871971376751}.Release|Any CPU.Build.0 = Release|Any CPU
		{BB5B2B74-CDF2-42D5-90C5-871971376751}.Release|x64.ActiveCfg = Release|Any CPU
		{BB5B2B74-CDF2-42D5-90C5-871971376751}.Release|x86.ActiveCfg = Release|Any CPU
		{BB5B2B74-CDF2-42D5-90C5-871971376751}.x|Any CPU.ActiveCfg = Release|Any CPU
		{BB5B2B74-CDF2-42D5-90C5-871971376751}.x|Any CPU.Build.0 = Release|Any CPU
		{BB5B2B74-CDF2-42D5-90C5-871971376751}.x|x64.ActiveCfg = Release|x64
		{BB5B2B74-CDF2-42D5-90C5-871971376751}.x|x64.Build.0 = Release|x64
		{BB5B2B74-CDF2-42D5-90C5-871971376751}.x|x86.ActiveCfg = Release|Any CPU
		{BB5B2B74-CDF2-42D5-90C5-871971376751}.x|x86.Build.0 = Release|Any CPU
		{87449ABB-523D-4F7A-BE1D-4C1135C278C2}.Debug|Any CPU.ActiveCfg = Debug|Any CPU
		{87449ABB-523D-4F7A-BE1D-4C1135C278C2}.Debug|Any CPU.Build.0 = Debug|Any CPU
		{87449ABB-523D-4F7A-BE1D-4C1135C278C2}.Debug|x64.ActiveCfg = Debug|x64
		{87449ABB-523D-4F7A-BE1D-4C1135C278C2}.Debug|x64.Build.0 = Debug|x64
		{87449ABB-523D-4F7A-BE1D-4C1135C278C2}.Debug|x86.ActiveCfg = Debug|Any CPU
		{87449ABB-523D-4F7A-BE1D-4C1135C278C2}.Release|Any CPU.ActiveCfg = Release|Any CPU
		{87449ABB-523D-4F7A-BE1D-4C1135C278C2}.Release|Any CPU.Build.0 = Release|Any CPU
		{87449ABB-523D-4F7A-BE1D-4C1135C278C2}.Release|x64.ActiveCfg = Release|Any CPU
		{87449ABB-523D-4F7A-BE1D-4C1135C278C2}.Release|x86.ActiveCfg = Release|Any CPU
		{87449ABB-523D-4F7A-BE1D-4C1135C278C2}.x|Any CPU.ActiveCfg = Release|Any CPU
		{87449ABB-523D-4F7A-BE1D-4C1135C278C2}.x|Any CPU.Build.0 = Release|Any CPU
		{87449ABB-523D-4F7A-BE1D-4C1135C278C2}.x|x64.ActiveCfg = Release|x64
		{87449ABB-523D-4F7A-BE1D-4C1135C278C2}.x|x64.Build.0 = Release|x64
		{87449ABB-523D-4F7A-BE1D-4C1135C278C2}.x|x86.ActiveCfg = Release|Any CPU
		{87449ABB-523D-4F7A-BE1D-4C1135C278C2}.x|x86.Build.0 = Release|Any CPU
		{00D09C00-D196-427D-8D7D-4BE87288CDC6}.Debug|Any CPU.ActiveCfg = Debug|Any CPU
		{00D09C00-D196-427D-8D7D-4BE87288CDC6}.Debug|Any CPU.Build.0 = Debug|Any CPU
		{00D09C00-D196-427D-8D7D-4BE87288CDC6}.Debug|x64.ActiveCfg = Debug|x64
		{00D09C00-D196-427D-8D7D-4BE87288CDC6}.Debug|x64.Build.0 = Debug|x64
		{00D09C00-D196-427D-8D7D-4BE87288CDC6}.Debug|x86.ActiveCfg = Debug|Any CPU
		{00D09C00-D196-427D-8D7D-4BE87288CDC6}.Release|Any CPU.ActiveCfg = Release|Any CPU
		{00D09C00-D196-427D-8D7D-4BE87288CDC6}.Release|Any CPU.Build.0 = Release|Any CPU
		{00D09C00-D196-427D-8D7D-4BE87288CDC6}.Release|x64.ActiveCfg = Release|Any CPU
		{00D09C00-D196-427D-8D7D-4BE87288CDC6}.Release|x86.ActiveCfg = Release|Any CPU
		{00D09C00-D196-427D-8D7D-4BE87288CDC6}.x|Any CPU.ActiveCfg = Release|Any CPU
		{00D09C00-D196-427D-8D7D-4BE87288CDC6}.x|Any CPU.Build.0 = Release|Any CPU
		{00D09C00-D196-427D-8D7D-4BE87288CDC6}.x|x64.ActiveCfg = Release|x64
		{00D09C00-D196-427D-8D7D-4BE87288CDC6}.x|x64.Build.0 = Release|x64
		{00D09C00-D196-427D-8D7D-4BE87288CDC6}.x|x86.ActiveCfg = Release|Any CPU
		{00D09C00-D196-427D-8D7D-4BE87288CDC6}.x|x86.Build.0 = Release|Any CPU
		{0925BB05-B48D-4FEC-A907-AE21E8BCAF24}.Debug|Any CPU.ActiveCfg = Debug|x64
		{0925BB05-B48D-4FEC-A907-AE21E8BCAF24}.Debug|Any CPU.Build.0 = Debug|x64
		{0925BB05-B48D-4FEC-A907-AE21E8BCAF24}.Debug|x64.ActiveCfg = Debug|x64
		{0925BB05-B48D-4FEC-A907-AE21E8BCAF24}.Debug|x64.Build.0 = Debug|x64
		{0925BB05-B48D-4FEC-A907-AE21E8BCAF24}.Debug|x86.ActiveCfg = Debug|Any CPU
		{0925BB05-B48D-4FEC-A907-AE21E8BCAF24}.Release|Any CPU.ActiveCfg = Release|Any CPU
		{0925BB05-B48D-4FEC-A907-AE21E8BCAF24}.Release|Any CPU.Build.0 = Release|Any CPU
		{0925BB05-B48D-4FEC-A907-AE21E8BCAF24}.Release|x64.ActiveCfg = Release|Any CPU
		{0925BB05-B48D-4FEC-A907-AE21E8BCAF24}.Release|x86.ActiveCfg = Release|Any CPU
		{0925BB05-B48D-4FEC-A907-AE21E8BCAF24}.x|Any CPU.ActiveCfg = Release|Any CPU
		{0925BB05-B48D-4FEC-A907-AE21E8BCAF24}.x|Any CPU.Build.0 = Release|Any CPU
		{0925BB05-B48D-4FEC-A907-AE21E8BCAF24}.x|x64.ActiveCfg = Release|x64
		{0925BB05-B48D-4FEC-A907-AE21E8BCAF24}.x|x64.Build.0 = Release|x64
		{0925BB05-B48D-4FEC-A907-AE21E8BCAF24}.x|x86.ActiveCfg = Release|Any CPU
		{0925BB05-B48D-4FEC-A907-AE21E8BCAF24}.x|x86.Build.0 = Release|Any CPU
		{85C8BC56-3298-4569-B4FC-5EAA4C202794}.Debug|Any CPU.ActiveCfg = Debug|Any CPU
		{85C8BC56-3298-4569-B4FC-5EAA4C202794}.Debug|Any CPU.Build.0 = Debug|Any CPU
		{85C8BC56-3298-4569-B4FC-5EAA4C202794}.Debug|x64.ActiveCfg = Debug|x64
		{85C8BC56-3298-4569-B4FC-5EAA4C202794}.Debug|x64.Build.0 = Debug|x64
		{85C8BC56-3298-4569-B4FC-5EAA4C202794}.Debug|x86.ActiveCfg = Debug|Any CPU
		{85C8BC56-3298-4569-B4FC-5EAA4C202794}.Release|Any CPU.ActiveCfg = Release|Any CPU
		{85C8BC56-3298-4569-B4FC-5EAA4C202794}.Release|Any CPU.Build.0 = Release|Any CPU
		{85C8BC56-3298-4569-B4FC-5EAA4C202794}.Release|x64.ActiveCfg = Release|Any CPU
		{85C8BC56-3298-4569-B4FC-5EAA4C202794}.Release|x86.ActiveCfg = Release|Any CPU
		{85C8BC56-3298-4569-B4FC-5EAA4C202794}.x|Any CPU.ActiveCfg = Release|Any CPU
		{85C8BC56-3298-4569-B4FC-5EAA4C202794}.x|Any CPU.Build.0 = Release|Any CPU
		{85C8BC56-3298-4569-B4FC-5EAA4C202794}.x|x64.ActiveCfg = Release|x64
		{85C8BC56-3298-4569-B4FC-5EAA4C202794}.x|x64.Build.0 = Release|x64
		{85C8BC56-3298-4569-B4FC-5EAA4C202794}.x|x86.ActiveCfg = Release|Any CPU
		{85C8BC56-3298-4569-B4FC-5EAA4C202794}.x|x86.Build.0 = Release|Any CPU
		{7CAE2DDB-AC0B-4997-BB74-68095056C429}.Debug|Any CPU.ActiveCfg = Debug|x64
		{7CAE2DDB-AC0B-4997-BB74-68095056C429}.Debug|Any CPU.Build.0 = Debug|x64
		{7CAE2DDB-AC0B-4997-BB74-68095056C429}.Debug|x64.ActiveCfg = Debug|x64
		{7CAE2DDB-AC0B-4997-BB74-68095056C429}.Debug|x64.Build.0 = Debug|x64
		{7CAE2DDB-AC0B-4997-BB74-68095056C429}.Debug|x86.ActiveCfg = Debug|Any CPU
		{7CAE2DDB-AC0B-4997-BB74-68095056C429}.Release|Any CPU.ActiveCfg = Release|Any CPU
		{7CAE2DDB-AC0B-4997-BB74-68095056C429}.Release|Any CPU.Build.0 = Release|Any CPU
		{7CAE2DDB-AC0B-4997-BB74-68095056C429}.Release|x64.ActiveCfg = Release|Any CPU
		{7CAE2DDB-AC0B-4997-BB74-68095056C429}.Release|x86.ActiveCfg = Release|Any CPU
		{7CAE2DDB-AC0B-4997-BB74-68095056C429}.x|Any CPU.ActiveCfg = Release|Any CPU
		{7CAE2DDB-AC0B-4997-BB74-68095056C429}.x|Any CPU.Build.0 = Release|Any CPU
		{7CAE2DDB-AC0B-4997-BB74-68095056C429}.x|x64.ActiveCfg = Release|x64
		{7CAE2DDB-AC0B-4997-BB74-68095056C429}.x|x64.Build.0 = Release|x64
		{7CAE2DDB-AC0B-4997-BB74-68095056C429}.x|x86.ActiveCfg = Release|Any CPU
		{7CAE2DDB-AC0B-4997-BB74-68095056C429}.x|x86.Build.0 = Release|Any CPU
		{F35A26AE-E79F-4FC2-832A-01F6F4550128}.Debug|Any CPU.ActiveCfg = Debug|Any CPU
		{F35A26AE-E79F-4FC2-832A-01F6F4550128}.Debug|Any CPU.Build.0 = Debug|Any CPU
		{F35A26AE-E79F-4FC2-832A-01F6F4550128}.Debug|x64.ActiveCfg = Debug|x64
		{F35A26AE-E79F-4FC2-832A-01F6F4550128}.Debug|x64.Build.0 = Debug|x64
		{F35A26AE-E79F-4FC2-832A-01F6F4550128}.Debug|x86.ActiveCfg = Debug|x86
		{F35A26AE-E79F-4FC2-832A-01F6F4550128}.Debug|x86.Build.0 = Debug|x86
		{F35A26AE-E79F-4FC2-832A-01F6F4550128}.Release|Any CPU.ActiveCfg = Release|Any CPU
		{F35A26AE-E79F-4FC2-832A-01F6F4550128}.Release|Any CPU.Build.0 = Release|Any CPU
		{F35A26AE-E79F-4FC2-832A-01F6F4550128}.Release|x64.ActiveCfg = Release|x64
		{F35A26AE-E79F-4FC2-832A-01F6F4550128}.Release|x64.Build.0 = Release|x64
		{F35A26AE-E79F-4FC2-832A-01F6F4550128}.Release|x86.ActiveCfg = Release|x86
		{F35A26AE-E79F-4FC2-832A-01F6F4550128}.Release|x86.Build.0 = Release|x86
		{F35A26AE-E79F-4FC2-832A-01F6F4550128}.x|Any CPU.ActiveCfg = x|Any CPU
		{F35A26AE-E79F-4FC2-832A-01F6F4550128}.x|Any CPU.Build.0 = x|Any CPU
		{F35A26AE-E79F-4FC2-832A-01F6F4550128}.x|x64.ActiveCfg = x|x64
		{F35A26AE-E79F-4FC2-832A-01F6F4550128}.x|x64.Build.0 = x|x64
		{F35A26AE-E79F-4FC2-832A-01F6F4550128}.x|x86.ActiveCfg = x|x86
		{F35A26AE-E79F-4FC2-832A-01F6F4550128}.x|x86.Build.0 = x|x86
		{E3C5E285-CB85-440D-ADE5-A49B857C5D48}.Debug|Any CPU.ActiveCfg = Debug|Any CPU
		{E3C5E285-CB85-440D-ADE5-A49B857C5D48}.Debug|Any CPU.Build.0 = Debug|Any CPU
		{E3C5E285-CB85-440D-ADE5-A49B857C5D48}.Debug|x64.ActiveCfg = Debug|x64
		{E3C5E285-CB85-440D-ADE5-A49B857C5D48}.Debug|x64.Build.0 = Debug|x64
		{E3C5E285-CB85-440D-ADE5-A49B857C5D48}.Debug|x86.ActiveCfg = Debug|Any CPU
		{E3C5E285-CB85-440D-ADE5-A49B857C5D48}.Release|Any CPU.ActiveCfg = Release|Any CPU
		{E3C5E285-CB85-440D-ADE5-A49B857C5D48}.Release|Any CPU.Build.0 = Release|Any CPU
		{E3C5E285-CB85-440D-ADE5-A49B857C5D48}.Release|x64.ActiveCfg = Release|Any CPU
		{E3C5E285-CB85-440D-ADE5-A49B857C5D48}.Release|x86.ActiveCfg = Release|Any CPU
		{E3C5E285-CB85-440D-ADE5-A49B857C5D48}.x|Any CPU.ActiveCfg = Release|Any CPU
		{E3C5E285-CB85-440D-ADE5-A49B857C5D48}.x|Any CPU.Build.0 = Release|Any CPU
		{E3C5E285-CB85-440D-ADE5-A49B857C5D48}.x|x64.ActiveCfg = Release|x64
		{E3C5E285-CB85-440D-ADE5-A49B857C5D48}.x|x64.Build.0 = Release|x64
		{E3C5E285-CB85-440D-ADE5-A49B857C5D48}.x|x86.ActiveCfg = Release|Any CPU
		{E3C5E285-CB85-440D-ADE5-A49B857C5D48}.x|x86.Build.0 = Release|Any CPU
		{C0011956-489F-4499-B543-6EAB2A287CEC}.Debug|Any CPU.ActiveCfg = Debug|Any CPU
		{C0011956-489F-4499-B543-6EAB2A287CEC}.Debug|Any CPU.Build.0 = Debug|Any CPU
		{C0011956-489F-4499-B543-6EAB2A287CEC}.Debug|x64.ActiveCfg = Debug|x64
		{C0011956-489F-4499-B543-6EAB2A287CEC}.Debug|x64.Build.0 = Debug|x64
		{C0011956-489F-4499-B543-6EAB2A287CEC}.Debug|x86.ActiveCfg = Debug|Any CPU
		{C0011956-489F-4499-B543-6EAB2A287CEC}.Release|Any CPU.ActiveCfg = Release|Any CPU
		{C0011956-489F-4499-B543-6EAB2A287CEC}.Release|Any CPU.Build.0 = Release|Any CPU
		{C0011956-489F-4499-B543-6EAB2A287CEC}.Release|x64.ActiveCfg = Release|x64
		{C0011956-489F-4499-B543-6EAB2A287CEC}.Release|x64.Build.0 = Release|x64
		{C0011956-489F-4499-B543-6EAB2A287CEC}.Release|x86.ActiveCfg = Release|Any CPU
		{C0011956-489F-4499-B543-6EAB2A287CEC}.x|Any CPU.ActiveCfg = Release|Any CPU
		{C0011956-489F-4499-B543-6EAB2A287CEC}.x|Any CPU.Build.0 = Release|Any CPU
		{C0011956-489F-4499-B543-6EAB2A287CEC}.x|x64.ActiveCfg = Release|x64
		{C0011956-489F-4499-B543-6EAB2A287CEC}.x|x64.Build.0 = Release|x64
		{C0011956-489F-4499-B543-6EAB2A287CEC}.x|x86.ActiveCfg = Release|Any CPU
		{C0011956-489F-4499-B543-6EAB2A287CEC}.x|x86.Build.0 = Release|Any CPU
		{9CF28B97-EB38-45E1-8F7D-17409B5630B8}.Debug|Any CPU.ActiveCfg = Debug|Any CPU
		{9CF28B97-EB38-45E1-8F7D-17409B5630B8}.Debug|Any CPU.Build.0 = Debug|Any CPU
		{9CF28B97-EB38-45E1-8F7D-17409B5630B8}.Debug|x64.ActiveCfg = Debug|x64
		{9CF28B97-EB38-45E1-8F7D-17409B5630B8}.Debug|x64.Build.0 = Debug|x64
		{9CF28B97-EB38-45E1-8F7D-17409B5630B8}.Debug|x86.ActiveCfg = Debug|Any CPU
		{9CF28B97-EB38-45E1-8F7D-17409B5630B8}.Release|Any CPU.ActiveCfg = Release|Any CPU
		{9CF28B97-EB38-45E1-8F7D-17409B5630B8}.Release|Any CPU.Build.0 = Release|Any CPU
		{9CF28B97-EB38-45E1-8F7D-17409B5630B8}.Release|x64.ActiveCfg = Release|x64
		{9CF28B97-EB38-45E1-8F7D-17409B5630B8}.Release|x64.Build.0 = Release|x64
		{9CF28B97-EB38-45E1-8F7D-17409B5630B8}.Release|x86.ActiveCfg = Release|Any CPU
		{9CF28B97-EB38-45E1-8F7D-17409B5630B8}.x|Any CPU.ActiveCfg = Release|Any CPU
		{9CF28B97-EB38-45E1-8F7D-17409B5630B8}.x|Any CPU.Build.0 = Release|Any CPU
		{9CF28B97-EB38-45E1-8F7D-17409B5630B8}.x|x64.ActiveCfg = Release|x64
		{9CF28B97-EB38-45E1-8F7D-17409B5630B8}.x|x64.Build.0 = Release|x64
		{9CF28B97-EB38-45E1-8F7D-17409B5630B8}.x|x86.ActiveCfg = Release|Any CPU
		{9CF28B97-EB38-45E1-8F7D-17409B5630B8}.x|x86.Build.0 = Release|Any CPU
		{0123C3B6-91E1-403A-9F85-39682649677B}.Debug|Any CPU.ActiveCfg = Debug|x64
		{0123C3B6-91E1-403A-9F85-39682649677B}.Debug|Any CPU.Build.0 = Debug|x64
		{0123C3B6-91E1-403A-9F85-39682649677B}.Debug|x64.ActiveCfg = Debug|x64
		{0123C3B6-91E1-403A-9F85-39682649677B}.Debug|x64.Build.0 = Debug|x64
		{0123C3B6-91E1-403A-9F85-39682649677B}.Debug|x86.ActiveCfg = Debug|Any CPU
		{0123C3B6-91E1-403A-9F85-39682649677B}.Release|Any CPU.ActiveCfg = Release|Any CPU
		{0123C3B6-91E1-403A-9F85-39682649677B}.Release|Any CPU.Build.0 = Release|Any CPU
		{0123C3B6-91E1-403A-9F85-39682649677B}.Release|x64.ActiveCfg = Release|x64
		{0123C3B6-91E1-403A-9F85-39682649677B}.Release|x64.Build.0 = Release|x64
		{0123C3B6-91E1-403A-9F85-39682649677B}.Release|x86.ActiveCfg = Release|Any CPU
		{0123C3B6-91E1-403A-9F85-39682649677B}.x|Any CPU.ActiveCfg = Release|Any CPU
		{0123C3B6-91E1-403A-9F85-39682649677B}.x|Any CPU.Build.0 = Release|Any CPU
		{0123C3B6-91E1-403A-9F85-39682649677B}.x|x64.ActiveCfg = Release|x64
		{0123C3B6-91E1-403A-9F85-39682649677B}.x|x64.Build.0 = Release|x64
		{0123C3B6-91E1-403A-9F85-39682649677B}.x|x86.ActiveCfg = Release|Any CPU
		{0123C3B6-91E1-403A-9F85-39682649677B}.x|x86.Build.0 = Release|Any CPU
		{1D72A4B4-0854-41CF-9B35-FF7DAE87FBBA}.Debug|Any CPU.ActiveCfg = Debug|x64
		{1D72A4B4-0854-41CF-9B35-FF7DAE87FBBA}.Debug|Any CPU.Build.0 = Debug|x64
		{1D72A4B4-0854-41CF-9B35-FF7DAE87FBBA}.Debug|x64.ActiveCfg = Debug|x64
		{1D72A4B4-0854-41CF-9B35-FF7DAE87FBBA}.Debug|x64.Build.0 = Debug|x64
		{1D72A4B4-0854-41CF-9B35-FF7DAE87FBBA}.Debug|x86.ActiveCfg = Debug|Any CPU
		{1D72A4B4-0854-41CF-9B35-FF7DAE87FBBA}.Release|Any CPU.ActiveCfg = Release|Any CPU
		{1D72A4B4-0854-41CF-9B35-FF7DAE87FBBA}.Release|Any CPU.Build.0 = Release|Any CPU
		{1D72A4B4-0854-41CF-9B35-FF7DAE87FBBA}.Release|x64.ActiveCfg = Release|x64
		{1D72A4B4-0854-41CF-9B35-FF7DAE87FBBA}.Release|x64.Build.0 = Release|x64
		{1D72A4B4-0854-41CF-9B35-FF7DAE87FBBA}.Release|x86.ActiveCfg = Release|Any CPU
		{1D72A4B4-0854-41CF-9B35-FF7DAE87FBBA}.x|Any CPU.ActiveCfg = Release|Any CPU
		{1D72A4B4-0854-41CF-9B35-FF7DAE87FBBA}.x|Any CPU.Build.0 = Release|Any CPU
		{1D72A4B4-0854-41CF-9B35-FF7DAE87FBBA}.x|x64.ActiveCfg = Release|x64
		{1D72A4B4-0854-41CF-9B35-FF7DAE87FBBA}.x|x64.Build.0 = Release|x64
		{1D72A4B4-0854-41CF-9B35-FF7DAE87FBBA}.x|x86.ActiveCfg = Release|Any CPU
		{1D72A4B4-0854-41CF-9B35-FF7DAE87FBBA}.x|x86.Build.0 = Release|Any CPU
		{7E4E512A-B54B-4DFF-9E86-24DB492884CD}.Debug|Any CPU.ActiveCfg = Debug|Any CPU
		{7E4E512A-B54B-4DFF-9E86-24DB492884CD}.Debug|Any CPU.Build.0 = Debug|Any CPU
		{7E4E512A-B54B-4DFF-9E86-24DB492884CD}.Debug|x64.ActiveCfg = Debug|x64
		{7E4E512A-B54B-4DFF-9E86-24DB492884CD}.Debug|x64.Build.0 = Debug|x64
		{7E4E512A-B54B-4DFF-9E86-24DB492884CD}.Debug|x86.ActiveCfg = Debug|Any CPU
		{7E4E512A-B54B-4DFF-9E86-24DB492884CD}.Debug|x86.Build.0 = Debug|Any CPU
		{7E4E512A-B54B-4DFF-9E86-24DB492884CD}.Release|Any CPU.ActiveCfg = Release|Any CPU
		{7E4E512A-B54B-4DFF-9E86-24DB492884CD}.Release|Any CPU.Build.0 = Release|Any CPU
		{7E4E512A-B54B-4DFF-9E86-24DB492884CD}.Release|x64.ActiveCfg = Release|x64
		{7E4E512A-B54B-4DFF-9E86-24DB492884CD}.Release|x64.Build.0 = Release|x64
		{7E4E512A-B54B-4DFF-9E86-24DB492884CD}.Release|x86.ActiveCfg = Release|Any CPU
		{7E4E512A-B54B-4DFF-9E86-24DB492884CD}.Release|x86.Build.0 = Release|Any CPU
		{7E4E512A-B54B-4DFF-9E86-24DB492884CD}.x|Any CPU.ActiveCfg = Release|Any CPU
		{7E4E512A-B54B-4DFF-9E86-24DB492884CD}.x|Any CPU.Build.0 = Release|Any CPU
		{7E4E512A-B54B-4DFF-9E86-24DB492884CD}.x|x64.ActiveCfg = Release|x64
		{7E4E512A-B54B-4DFF-9E86-24DB492884CD}.x|x64.Build.0 = Release|x64
		{7E4E512A-B54B-4DFF-9E86-24DB492884CD}.x|x86.ActiveCfg = Release|Any CPU
		{7E4E512A-B54B-4DFF-9E86-24DB492884CD}.x|x86.Build.0 = Release|Any CPU
	EndGlobalSection
	GlobalSection(SolutionProperties) = preSolution
		HideSolutionNode = FALSE
	EndGlobalSection
	GlobalSection(NestedProjects) = preSolution
		{F35A26AE-E79F-4FC2-832A-01F6F4550128} = {EA64F289-988B-49A6-A59B-82C4C157D1B9}
		{E3C5E285-CB85-440D-ADE5-A49B857C5D48} = {B2135C3A-D456-4077-B19D-F8F569D00738}
		{C0011956-489F-4499-B543-6EAB2A287CEC} = {71A6F07B-7672-4109-82A4-D31B9409735A}
		{9CF28B97-EB38-45E1-8F7D-17409B5630B8} = {71A6F07B-7672-4109-82A4-D31B9409735A}
		{0123C3B6-91E1-403A-9F85-39682649677B} = {71A6F07B-7672-4109-82A4-D31B9409735A}
		{1D72A4B4-0854-41CF-9B35-FF7DAE87FBBA} = {71A6F07B-7672-4109-82A4-D31B9409735A}
		{7E4E512A-B54B-4DFF-9E86-24DB492884CD} = {A00B9285-1077-4CD3-A953-2A7BAD34D96A}
	EndGlobalSection
	GlobalSection(ExtensibilityGlobals) = postSolution
		SolutionGuid = {951869E1-B4D7-4771-9991-42A38A95B3F1}
	EndGlobalSection
EndGlobal
